
Microsoft Visual Studio Solution File, Format Version 12.00
# Visual Studio Version 16
VisualStudioVersion = 16.0.30204.135
MinimumVisualStudioVersion = 10.0.40219.1
Project("{FAE04EC0-301F-11D3-BF4B-00C04F79EFBC}") = "Logik_IT3B", "Logik_IT3B\Logik_IT3B.csproj", "{EF64DB60-6D37-4B1B-A481-6938382AC806}"
EndProject
Global
	GlobalSection(SolutionConfigurationPlatforms) = preSolution
		Debug|Any CPU = Debug|Any CPU
		Release|Any CPU = Release|Any CPU
	EndGlobalSection
	GlobalSection(ProjectConfigurationPlatforms) = postSolution
		{EF64DB60-6D37-4B1B-A481-6938382AC806}.Debug|Any CPU.ActiveCfg = Debug|Any CPU
		{EF64DB60-6D37-4B1B-A481-6938382AC806}.Debug|Any CPU.Build.0 = Debug|Any CPU
		{EF64DB60-6D37-4B1B-A481-6938382AC806}.Release|Any CPU.ActiveCfg = Release|Any CPU
		{EF64DB60-6D37-4B1B-A481-6938382AC806}.Release|Any CPU.Build.0 = Release|Any CPU
	EndGlobalSection
	GlobalSection(SolutionProperties) = preSolution
		HideSolutionNode = FALSE
	EndGlobalSection
	GlobalSection(ExtensibilityGlobals) = postSolution
		SolutionGuid = {65F36ECB-E544-448A-9FF4-447BC36AD9A9}
	EndGlobalSection
EndGlobal
